// !$*UTF8*$!
{
	archiveVersion = 1;
	classes = {
	};
	objectVersion = 55;
	objects = {

/* Begin PBXBuildFile section */
		562B5B0928A845B700640B64 /* BannerAd.swift in Sources */ = {isa = PBXBuildFile; fileRef = 562B5B0828A845B700640B64 /* BannerAd.swift */; };
		562B5B0B28A8490C00640B64 /* Podfile in Resources */ = {isa = PBXBuildFile; fileRef = 562B5B0A28A8490C00640B64 /* Podfile */; };
		562B5B0D28A8491400640B64 /* Podfile.lock in Resources */ = {isa = PBXBuildFile; fileRef = 562B5B0C28A8491400640B64 /* Podfile.lock */; };
		562B5B4F28A884C100640B64 /* WebKit.framework in Frameworks */ = {isa = PBXBuildFile; fileRef = 562B5B2328A85B1400640B64 /* WebKit.framework */; };
		562B5B5028A884C100640B64 /* WebKit.framework in Embed Frameworks */ = {isa = PBXBuildFile; fileRef = 562B5B2328A85B1400640B64 /* WebKit.framework */; settings = {ATTRIBUTES = (RemoveHeadersOnCopy, ); }; };
		562B5B5228A884C400640B64 /* Pods_TapTapCoin.framework in Frameworks */ = {isa = PBXBuildFile; fileRef = 1284938F3F4CE4102AE31893 /* Pods_TapTapCoin.framework */; };
		562B5B5328A884C400640B64 /* Pods_TapTapCoin.framework in Embed Frameworks */ = {isa = PBXBuildFile; fileRef = 1284938F3F4CE4102AE31893 /* Pods_TapTapCoin.framework */; settings = {ATTRIBUTES = (RemoveHeadersOnCopy, ); }; };
		562B5B5428A884C700640B64 /* CoreMedia.framework in Frameworks */ = {isa = PBXBuildFile; fileRef = 562B5B2128A85B0900640B64 /* CoreMedia.framework */; };
		562B5B5528A884C700640B64 /* CoreMedia.framework in Embed Frameworks */ = {isa = PBXBuildFile; fileRef = 562B5B2128A85B0900640B64 /* CoreMedia.framework */; settings = {ATTRIBUTES = (RemoveHeadersOnCopy, ); }; };
		562B5B5628A884C900640B64 /* CloudKit.framework in Frameworks */ = {isa = PBXBuildFile; fileRef = 56EDDCD3281E0318009659C1 /* CloudKit.framework */; };
		562B5B5728A884C900640B64 /* CloudKit.framework in Embed Frameworks */ = {isa = PBXBuildFile; fileRef = 56EDDCD3281E0318009659C1 /* CloudKit.framework */; settings = {ATTRIBUTES = (RemoveHeadersOnCopy, ); }; };
		562B5B5828A884CA00640B64 /* AVFoundation.framework in Frameworks */ = {isa = PBXBuildFile; fileRef = 562B5B1D28A85AEF00640B64 /* AVFoundation.framework */; };
		562B5B5928A884CA00640B64 /* AVFoundation.framework in Embed Frameworks */ = {isa = PBXBuildFile; fileRef = 562B5B1D28A85AEF00640B64 /* AVFoundation.framework */; settings = {ATTRIBUTES = (RemoveHeadersOnCopy, ); }; };
		562B5B5A28A884CE00640B64 /* AdSupport.framework in Frameworks */ = {isa = PBXBuildFile; fileRef = 562B5B1F28A85AFD00640B64 /* AdSupport.framework */; };
		562B5B5B28A884CE00640B64 /* AdSupport.framework in Embed Frameworks */ = {isa = PBXBuildFile; fileRef = 562B5B1F28A85AFD00640B64 /* AdSupport.framework */; settings = {ATTRIBUTES = (RemoveHeadersOnCopy, ); }; };
		562B5B5D28A9BEC800640B64 /* GoogleAppMeasurement.xcframework in Frameworks */ = {isa = PBXBuildFile; fileRef = 562B5B5C28A9BEC800640B64 /* GoogleAppMeasurement.xcframework */; };
		562B5B5F28A9BED000640B64 /* GoogleAppMeasurementIdentitySupport.xcframework in Frameworks */ = {isa = PBXBuildFile; fileRef = 562B5B5E28A9BED000640B64 /* GoogleAppMeasurementIdentitySupport.xcframework */; };
		562B5B6228A9BEF600640B64 /* GoogleMobileAds.xcframework in Frameworks */ = {isa = PBXBuildFile; fileRef = 562B5B6028A9BEF600640B64 /* GoogleMobileAds.xcframework */; };
		562B5B6328A9BEF600640B64 /* GoogleUtilities.xcframework in Frameworks */ = {isa = PBXBuildFile; fileRef = 562B5B6128A9BEF600640B64 /* GoogleUtilities.xcframework */; };
		562B5B6728A9BF0200640B64 /* nanopb.xcframework in Frameworks */ = {isa = PBXBuildFile; fileRef = 562B5B6428A9BF0100640B64 /* nanopb.xcframework */; };
		562B5B6828A9BF0200640B64 /* UserMessagingPlatform.xcframework in Frameworks */ = {isa = PBXBuildFile; fileRef = 562B5B6528A9BF0200640B64 /* UserMessagingPlatform.xcframework */; };
		562B5B6928A9BF0200640B64 /* PromisesObjC.xcframework in Frameworks */ = {isa = PBXBuildFile; fileRef = 562B5B6628A9BF0200640B64 /* PromisesObjC.xcframework */; };
		567DA674280106F30011F361 /* SocketIO in Frameworks */ = {isa = PBXBuildFile; productRef = 567DA673280106F30011F361 /* SocketIO */; };
		5683E06F2801095B00A0242A /* ContentView.swift in Sources */ = {isa = PBXBuildFile; fileRef = 5683E06E2801095B00A0242A /* ContentView.swift */; };
		5683E0712801097C00A0242A /* ContentViewModel.swift in Sources */ = {isa = PBXBuildFile; fileRef = 5683E0702801097C00A0242A /* ContentViewModel.swift */; };
		5683E07728010A1C00A0242A /* ComingSoon.swift in Sources */ = {isa = PBXBuildFile; fileRef = 5683E07628010A1C00A0242A /* ComingSoon.swift */; };
		5683E07928010A3400A0242A /* HelpView.swift in Sources */ = {isa = PBXBuildFile; fileRef = 5683E07828010A3400A0242A /* HelpView.swift */; };
		5683E07B28010A5D00A0242A /* TempHelpView.swift in Sources */ = {isa = PBXBuildFile; fileRef = 5683E07A28010A5D00A0242A /* TempHelpView.swift */; };
		5683E07D28010A8000A0242A /* VideoView.swift in Sources */ = {isa = PBXBuildFile; fileRef = 5683E07C28010A8000A0242A /* VideoView.swift */; };
		5683E08128010AA800A0242A /* GameHandler.swift in Sources */ = {isa = PBXBuildFile; fileRef = 5683E08028010AA800A0242A /* GameHandler.swift */; };
		5683E08328010AC600A0242A /* GameView.swift in Sources */ = {isa = PBXBuildFile; fileRef = 5683E08228010AC600A0242A /* GameView.swift */; };
		5683E08528010AE800A0242A /* GameViewModel.swift in Sources */ = {isa = PBXBuildFile; fileRef = 5683E08428010AE800A0242A /* GameViewModel.swift */; };
		5683E08928010B4B00A0242A /* LoadingGameView.swift in Sources */ = {isa = PBXBuildFile; fileRef = 5683E08828010B4B00A0242A /* LoadingGameView.swift */; };
		5683E08B28010B6600A0242A /* LoadingGameViewModel.swift in Sources */ = {isa = PBXBuildFile; fileRef = 5683E08A28010B6600A0242A /* LoadingGameViewModel.swift */; };
		5683E08D28010B9100A0242A /* QueueHandler.swift in Sources */ = {isa = PBXBuildFile; fileRef = 5683E08C28010B9100A0242A /* QueueHandler.swift */; };
		5683E09028010BC900A0242A /* HomeView.swift in Sources */ = {isa = PBXBuildFile; fileRef = 5683E08F28010BC900A0242A /* HomeView.swift */; };
		5683E09228010BDE00A0242A /* HomeViewModel.swift in Sources */ = {isa = PBXBuildFile; fileRef = 5683E09128010BDE00A0242A /* HomeViewModel.swift */; };
		5683E09628010C0D00A0242A /* PGameView.swift in Sources */ = {isa = PBXBuildFile; fileRef = 5683E09528010C0D00A0242A /* PGameView.swift */; };
		5683E09828010C2900A0242A /* PGameViewModel.swift in Sources */ = {isa = PBXBuildFile; fileRef = 5683E09728010C2900A0242A /* PGameViewModel.swift */; };
		5683E09B28010C5400A0242A /* PMenuView.swift in Sources */ = {isa = PBXBuildFile; fileRef = 5683E09A28010C5400A0242A /* PMenuView.swift */; };
		5683E09D28010C7000A0242A /* PMenuViewModel.swift in Sources */ = {isa = PBXBuildFile; fileRef = 5683E09C28010C7000A0242A /* PMenuViewModel.swift */; };
		5683E0A028010C9D00A0242A /* ProfileView.swift in Sources */ = {isa = PBXBuildFile; fileRef = 5683E09F28010C9D00A0242A /* ProfileView.swift */; };
		5683E0A228010CB300A0242A /* ProfileViewModel.swift in Sources */ = {isa = PBXBuildFile; fileRef = 5683E0A128010CB300A0242A /* ProfileViewModel.swift */; };
		5683E0A628010CED00A0242A /* RegistrationView.swift in Sources */ = {isa = PBXBuildFile; fileRef = 5683E0A528010CED00A0242A /* RegistrationView.swift */; };
		5683E0A828010D2700A0242A /* RegistrationViewModel.swift in Sources */ = {isa = PBXBuildFile; fileRef = 5683E0A728010D2700A0242A /* RegistrationViewModel.swift */; };
		5683E0AB28010D5000A0242A /* LoginView.swift in Sources */ = {isa = PBXBuildFile; fileRef = 5683E0AA28010D5000A0242A /* LoginView.swift */; };
		5683E0AD28010D6500A0242A /* LoginViewModel.swift in Sources */ = {isa = PBXBuildFile; fileRef = 5683E0AC28010D6500A0242A /* LoginViewModel.swift */; };
		5683E0B028010DA500A0242A /* BackButtonView.swift in Sources */ = {isa = PBXBuildFile; fileRef = 5683E0AF28010DA500A0242A /* BackButtonView.swift */; };
		56B9EF2627F0BEAF00C8E60D /* TapTapCoinApp.swift in Sources */ = {isa = PBXBuildFile; fileRef = 56B9EF2527F0BEAF00C8E60D /* TapTapCoinApp.swift */; };
		56B9EF2A27F0BEB100C8E60D /* Assets.xcassets in Resources */ = {isa = PBXBuildFile; fileRef = 56B9EF2927F0BEB100C8E60D /* Assets.xcassets */; };
		56B9EF2D27F0BEB100C8E60D /* Preview Assets.xcassets in Resources */ = {isa = PBXBuildFile; fileRef = 56B9EF2C27F0BEB100C8E60D /* Preview Assets.xcassets */; };
		56EDDCC4280A6660009659C1 /* FriendsView.swift in Sources */ = {isa = PBXBuildFile; fileRef = 56EDDCC3280A6660009659C1 /* FriendsView.swift */; };
		56EDDCC7280B9745009659C1 /* FriendsViewModel.swift in Sources */ = {isa = PBXBuildFile; fileRef = 56EDDCC6280B9745009659C1 /* FriendsViewModel.swift */; };
		56EDDCC9281A3AB7009659C1 /* SoundManager.swift in Sources */ = {isa = PBXBuildFile; fileRef = 56EDDCC8281A3AB6009659C1 /* SoundManager.swift */; };
		56EDDCCE281A4231009659C1 /* button-sound.mp3 in Resources */ = {isa = PBXBuildFile; fileRef = 56EDDCCD281A4231009659C1 /* button-sound.mp3 */; };
		56EDDCD0281A47E1009659C1 /* coin-sound.mp3 in Resources */ = {isa = PBXBuildFile; fileRef = 56EDDCCF281A47E1009659C1 /* coin-sound.mp3 */; };
		56EDDCD7281EDECC009659C1 /* SettingsView.swift in Sources */ = {isa = PBXBuildFile; fileRef = 56EDDCD6281EDECB009659C1 /* SettingsView.swift */; };
		56EDDCD9281EDF06009659C1 /* SettingsViewModel.swift in Sources */ = {isa = PBXBuildFile; fileRef = 56EDDCD8281EDF06009659C1 /* SettingsViewModel.swift */; };
/* End PBXBuildFile section */

/* Begin PBXCopyFilesBuildPhase section */
		562B5B5128A884C100640B64 /* Embed Frameworks */ = {
			isa = PBXCopyFilesBuildPhase;
			buildActionMask = 8;
			dstPath = "";
			dstSubfolderSpec = 10;
			files = (
				562B5B5528A884C700640B64 /* CoreMedia.framework in Embed Frameworks */,
				562B5B5728A884C900640B64 /* CloudKit.framework in Embed Frameworks */,
				562B5B5928A884CA00640B64 /* AVFoundation.framework in Embed Frameworks */,
				562B5B5028A884C100640B64 /* WebKit.framework in Embed Frameworks */,
				562B5B5328A884C400640B64 /* Pods_TapTapCoin.framework in Embed Frameworks */,
				562B5B5B28A884CE00640B64 /* AdSupport.framework in Embed Frameworks */,
			);
			name = "Embed Frameworks";
			runOnlyForDeploymentPostprocessing = 1;
		};
/* End PBXCopyFilesBuildPhase section */

/* Begin PBXFileReference section */
		1284938F3F4CE4102AE31893 /* Pods_TapTapCoin.framework */ = {isa = PBXFileReference; explicitFileType = wrapper.framework; includeInIndex = 0; path = Pods_TapTapCoin.framework; sourceTree = BUILT_PRODUCTS_DIR; };
		343E0487BFE7E7E7D6007C7A /* Pods-TapTapCoin.release.xcconfig */ = {isa = PBXFileReference; includeInIndex = 1; lastKnownFileType = text.xcconfig; name = "Pods-TapTapCoin.release.xcconfig"; path = "Target Support Files/Pods-TapTapCoin/Pods-TapTapCoin.release.xcconfig"; sourceTree = "<group>"; };
		562B5B0828A845B700640B64 /* BannerAd.swift */ = {isa = PBXFileReference; lastKnownFileType = sourcecode.swift; path = BannerAd.swift; sourceTree = "<group>"; };
		562B5B0A28A8490C00640B64 /* Podfile */ = {isa = PBXFileReference; fileEncoding = 4; lastKnownFileType = text; path = Podfile; sourceTree = "<group>"; xcLanguageSpecificationIdentifier = xcode.lang.ruby; };
		562B5B0C28A8491400640B64 /* Podfile.lock */ = {isa = PBXFileReference; fileEncoding = 4; lastKnownFileType = text; path = Podfile.lock; sourceTree = "<group>"; };
		562B5B1D28A85AEF00640B64 /* AVFoundation.framework */ = {isa = PBXFileReference; lastKnownFileType = wrapper.framework; name = AVFoundation.framework; path = System/Library/Frameworks/AVFoundation.framework; sourceTree = SDKROOT; };
		562B5B1F28A85AFD00640B64 /* AdSupport.framework */ = {isa = PBXFileReference; lastKnownFileType = wrapper.framework; name = AdSupport.framework; path = System/Library/Frameworks/AdSupport.framework; sourceTree = SDKROOT; };
		562B5B2128A85B0900640B64 /* CoreMedia.framework */ = {isa = PBXFileReference; lastKnownFileType = wrapper.framework; name = CoreMedia.framework; path = System/Library/Frameworks/CoreMedia.framework; sourceTree = SDKROOT; };
		562B5B2328A85B1400640B64 /* WebKit.framework */ = {isa = PBXFileReference; lastKnownFileType = wrapper.framework; name = WebKit.framework; path = System/Library/Frameworks/WebKit.framework; sourceTree = SDKROOT; };
		562B5B5C28A9BEC800640B64 /* GoogleAppMeasurement.xcframework */ = {isa = PBXFileReference; lastKnownFileType = wrapper.xcframework; path = GoogleAppMeasurement.xcframework; sourceTree = "<group>"; };
		562B5B5E28A9BED000640B64 /* GoogleAppMeasurementIdentitySupport.xcframework */ = {isa = PBXFileReference; lastKnownFileType = wrapper.xcframework; path = GoogleAppMeasurementIdentitySupport.xcframework; sourceTree = "<group>"; };
		562B5B6028A9BEF600640B64 /* GoogleMobileAds.xcframework */ = {isa = PBXFileReference; lastKnownFileType = wrapper.xcframework; path = GoogleMobileAds.xcframework; sourceTree = "<group>"; };
		562B5B6128A9BEF600640B64 /* GoogleUtilities.xcframework */ = {isa = PBXFileReference; lastKnownFileType = wrapper.xcframework; path = GoogleUtilities.xcframework; sourceTree = "<group>"; };
		562B5B6428A9BF0100640B64 /* nanopb.xcframework */ = {isa = PBXFileReference; lastKnownFileType = wrapper.xcframework; path = nanopb.xcframework; sourceTree = "<group>"; };
		562B5B6528A9BF0200640B64 /* UserMessagingPlatform.xcframework */ = {isa = PBXFileReference; lastKnownFileType = wrapper.xcframework; path = UserMessagingPlatform.xcframework; sourceTree = "<group>"; };
		562B5B6628A9BF0200640B64 /* PromisesObjC.xcframework */ = {isa = PBXFileReference; lastKnownFileType = wrapper.xcframework; path = PromisesObjC.xcframework; sourceTree = "<group>"; };
		562D3CCE2832D1A200CEE857 /* Info.plist */ = {isa = PBXFileReference; lastKnownFileType = text.plist.xml; path = Info.plist; sourceTree = "<group>"; };
		567DA671280106470011F361 /* socket.io-client-swift */ = {isa = PBXFileReference; lastKnownFileType = wrapper; name = "socket.io-client-swift"; path = "../../../../../../../Library/Developer/Xcode/DerivedData/Tapped-cqvbqqsgozmxqbeiacqsguplfrhi/SourcePackages/checkouts/socket.io-client-swift"; sourceTree = "<group>"; };
		5683E06E2801095B00A0242A /* ContentView.swift */ = {isa = PBXFileReference; lastKnownFileType = sourcecode.swift; path = ContentView.swift; sourceTree = "<group>"; };
		5683E0702801097C00A0242A /* ContentViewModel.swift */ = {isa = PBXFileReference; lastKnownFileType = sourcecode.swift; path = ContentViewModel.swift; sourceTree = "<group>"; };
		5683E07628010A1C00A0242A /* ComingSoon.swift */ = {isa = PBXFileReference; lastKnownFileType = sourcecode.swift; path = ComingSoon.swift; sourceTree = "<group>"; };
		5683E07828010A3400A0242A /* HelpView.swift */ = {isa = PBXFileReference; lastKnownFileType = sourcecode.swift; path = HelpView.swift; sourceTree = "<group>"; };
		5683E07A28010A5D00A0242A /* TempHelpView.swift */ = {isa = PBXFileReference; lastKnownFileType = sourcecode.swift; path = TempHelpView.swift; sourceTree = "<group>"; };
		5683E07C28010A8000A0242A /* VideoView.swift */ = {isa = PBXFileReference; lastKnownFileType = sourcecode.swift; path = VideoView.swift; sourceTree = "<group>"; };
		5683E08028010AA800A0242A /* GameHandler.swift */ = {isa = PBXFileReference; lastKnownFileType = sourcecode.swift; path = GameHandler.swift; sourceTree = "<group>"; };
		5683E08228010AC600A0242A /* GameView.swift */ = {isa = PBXFileReference; lastKnownFileType = sourcecode.swift; path = GameView.swift; sourceTree = "<group>"; };
		5683E08428010AE800A0242A /* GameViewModel.swift */ = {isa = PBXFileReference; lastKnownFileType = sourcecode.swift; path = GameViewModel.swift; sourceTree = "<group>"; };
		5683E08828010B4B00A0242A /* LoadingGameView.swift */ = {isa = PBXFileReference; lastKnownFileType = sourcecode.swift; path = LoadingGameView.swift; sourceTree = "<group>"; };
		5683E08A28010B6600A0242A /* LoadingGameViewModel.swift */ = {isa = PBXFileReference; lastKnownFileType = sourcecode.swift; path = LoadingGameViewModel.swift; sourceTree = "<group>"; };
		5683E08C28010B9100A0242A /* QueueHandler.swift */ = {isa = PBXFileReference; lastKnownFileType = sourcecode.swift; path = QueueHandler.swift; sourceTree = "<group>"; };
		5683E08F28010BC900A0242A /* HomeView.swift */ = {isa = PBXFileReference; lastKnownFileType = sourcecode.swift; path = HomeView.swift; sourceTree = "<group>"; };
		5683E09128010BDE00A0242A /* HomeViewModel.swift */ = {isa = PBXFileReference; lastKnownFileType = sourcecode.swift; path = HomeViewModel.swift; sourceTree = "<group>"; };
		5683E09528010C0D00A0242A /* PGameView.swift */ = {isa = PBXFileReference; lastKnownFileType = sourcecode.swift; path = PGameView.swift; sourceTree = "<group>"; };
		5683E09728010C2900A0242A /* PGameViewModel.swift */ = {isa = PBXFileReference; lastKnownFileType = sourcecode.swift; path = PGameViewModel.swift; sourceTree = "<group>"; };
		5683E09A28010C5400A0242A /* PMenuView.swift */ = {isa = PBXFileReference; lastKnownFileType = sourcecode.swift; path = PMenuView.swift; sourceTree = "<group>"; };
		5683E09C28010C7000A0242A /* PMenuViewModel.swift */ = {isa = PBXFileReference; lastKnownFileType = sourcecode.swift; path = PMenuViewModel.swift; sourceTree = "<group>"; };
		5683E09F28010C9D00A0242A /* ProfileView.swift */ = {isa = PBXFileReference; lastKnownFileType = sourcecode.swift; path = ProfileView.swift; sourceTree = "<group>"; };
		5683E0A128010CB300A0242A /* ProfileViewModel.swift */ = {isa = PBXFileReference; lastKnownFileType = sourcecode.swift; path = ProfileViewModel.swift; sourceTree = "<group>"; };
		5683E0A528010CED00A0242A /* RegistrationView.swift */ = {isa = PBXFileReference; lastKnownFileType = sourcecode.swift; path = RegistrationView.swift; sourceTree = "<group>"; };
		5683E0A728010D2700A0242A /* RegistrationViewModel.swift */ = {isa = PBXFileReference; lastKnownFileType = sourcecode.swift; path = RegistrationViewModel.swift; sourceTree = "<group>"; };
		5683E0AA28010D5000A0242A /* LoginView.swift */ = {isa = PBXFileReference; lastKnownFileType = sourcecode.swift; path = LoginView.swift; sourceTree = "<group>"; };
		5683E0AC28010D6500A0242A /* LoginViewModel.swift */ = {isa = PBXFileReference; lastKnownFileType = sourcecode.swift; path = LoginViewModel.swift; sourceTree = "<group>"; };
		5683E0AF28010DA500A0242A /* BackButtonView.swift */ = {isa = PBXFileReference; lastKnownFileType = sourcecode.swift; path = BackButtonView.swift; sourceTree = "<group>"; };
		56B9EF2227F0BEAF00C8E60D /* TapTapCoin.app */ = {isa = PBXFileReference; explicitFileType = wrapper.application; includeInIndex = 0; path = TapTapCoin.app; sourceTree = BUILT_PRODUCTS_DIR; };
		56B9EF2527F0BEAF00C8E60D /* TapTapCoinApp.swift */ = {isa = PBXFileReference; lastKnownFileType = sourcecode.swift; path = TapTapCoinApp.swift; sourceTree = "<group>"; };
		56B9EF2927F0BEB100C8E60D /* Assets.xcassets */ = {isa = PBXFileReference; lastKnownFileType = folder.assetcatalog; path = Assets.xcassets; sourceTree = "<group>"; };
		56B9EF2C27F0BEB100C8E60D /* Preview Assets.xcassets */ = {isa = PBXFileReference; lastKnownFileType = folder.assetcatalog; path = "Preview Assets.xcassets"; sourceTree = "<group>"; };
		56EDDCC3280A6660009659C1 /* FriendsView.swift */ = {isa = PBXFileReference; lastKnownFileType = sourcecode.swift; path = FriendsView.swift; sourceTree = "<group>"; };
		56EDDCC6280B9745009659C1 /* FriendsViewModel.swift */ = {isa = PBXFileReference; lastKnownFileType = sourcecode.swift; path = FriendsViewModel.swift; sourceTree = "<group>"; };
		56EDDCC8281A3AB6009659C1 /* SoundManager.swift */ = {isa = PBXFileReference; lastKnownFileType = sourcecode.swift; path = SoundManager.swift; sourceTree = "<group>"; };
		56EDDCCD281A4231009659C1 /* button-sound.mp3 */ = {isa = PBXFileReference; lastKnownFileType = audio.mp3; path = "button-sound.mp3"; sourceTree = "<group>"; };
		56EDDCCF281A47E1009659C1 /* coin-sound.mp3 */ = {isa = PBXFileReference; lastKnownFileType = audio.mp3; path = "coin-sound.mp3"; sourceTree = "<group>"; };
		56EDDCD1281E02E7009659C1 /* TapTapCoin.entitlements */ = {isa = PBXFileReference; lastKnownFileType = text.plist.entitlements; path = TapTapCoin.entitlements; sourceTree = "<group>"; };
		56EDDCD3281E0318009659C1 /* CloudKit.framework */ = {isa = PBXFileReference; lastKnownFileType = wrapper.framework; name = CloudKit.framework; path = System/Library/Frameworks/CloudKit.framework; sourceTree = SDKROOT; };
		56EDDCD6281EDECB009659C1 /* SettingsView.swift */ = {isa = PBXFileReference; lastKnownFileType = sourcecode.swift; path = SettingsView.swift; sourceTree = "<group>"; };
		56EDDCD8281EDF06009659C1 /* SettingsViewModel.swift */ = {isa = PBXFileReference; lastKnownFileType = sourcecode.swift; path = SettingsViewModel.swift; sourceTree = "<group>"; };
		D6FA705746C2C925FEC6D899 /* Pods-TapTapCoin.debug.xcconfig */ = {isa = PBXFileReference; includeInIndex = 1; lastKnownFileType = text.xcconfig; name = "Pods-TapTapCoin.debug.xcconfig"; path = "Target Support Files/Pods-TapTapCoin/Pods-TapTapCoin.debug.xcconfig"; sourceTree = "<group>"; };
/* End PBXFileReference section */

/* Begin PBXFrameworksBuildPhase section */
		56B9EF1F27F0BEAF00C8E60D /* Frameworks */ = {
			isa = PBXFrameworksBuildPhase;
			buildActionMask = 2147483647;
			files = (
				562B5B4F28A884C100640B64 /* WebKit.framework in Frameworks */,
				562B5B6228A9BEF600640B64 /* GoogleMobileAds.xcframework in Frameworks */,
				567DA674280106F30011F361 /* SocketIO in Frameworks */,
				562B5B6928A9BF0200640B64 /* PromisesObjC.xcframework in Frameworks */,
				562B5B6728A9BF0200640B64 /* nanopb.xcframework in Frameworks */,
				562B5B5428A884C700640B64 /* CoreMedia.framework in Frameworks */,
				562B5B6328A9BEF600640B64 /* GoogleUtilities.xcframework in Frameworks */,
				562B5B6828A9BF0200640B64 /* UserMessagingPlatform.xcframework in Frameworks */,
				562B5B5628A884C900640B64 /* CloudKit.framework in Frameworks */,
				562B5B5F28A9BED000640B64 /* GoogleAppMeasurementIdentitySupport.xcframework in Frameworks */,
				562B5B5228A884C400640B64 /* Pods_TapTapCoin.framework in Frameworks */,
				562B5B5828A884CA00640B64 /* AVFoundation.framework in Frameworks */,
				562B5B5D28A9BEC800640B64 /* GoogleAppMeasurement.xcframework in Frameworks */,
				562B5B5A28A884CE00640B64 /* AdSupport.framework in Frameworks */,
			);
			runOnlyForDeploymentPostprocessing = 0;
		};
/* End PBXFrameworksBuildPhase section */

/* Begin PBXGroup section */
		5683E06D2801094600A0242A /* ContentView */ = {
			isa = PBXGroup;
			children = (
				5683E06E2801095B00A0242A /* ContentView.swift */,
				5683E0702801097C00A0242A /* ContentViewModel.swift */,
			);
			path = ContentView;
			sourceTree = "<group>";
		};
		5683E072280109A400A0242A /* Views */ = {
			isa = PBXGroup;
			children = (
				56EDDCD5281EDEA6009659C1 /* SettingsView */,
				56EDDCC5280B972F009659C1 /* FriendsView */,
				5683E0A328010CCC00A0242A /* RegLogView */,
				5683E09E28010C8D00A0242A /* ProfileView */,
				5683E09328010BF400A0242A /* PGameViews */,
				5683E08E28010BB800A0242A /* HomeView */,
				5683E07E28010A8F00A0242A /* GameViews */,
				5683E073280109D800A0242A /* HelpView */,
				5683E06D2801094600A0242A /* ContentView */,
			);
			path = Views;
			sourceTree = "<group>";
		};
		5683E073280109D800A0242A /* HelpView */ = {
			isa = PBXGroup;
			children = (
				5683E07628010A1C00A0242A /* ComingSoon.swift */,
				5683E07828010A3400A0242A /* HelpView.swift */,
				5683E07A28010A5D00A0242A /* TempHelpView.swift */,
				5683E07C28010A8000A0242A /* VideoView.swift */,
			);
			path = HelpView;
			sourceTree = "<group>";
		};
		5683E07E28010A8F00A0242A /* GameViews */ = {
			isa = PBXGroup;
			children = (
				5683E08728010B2700A0242A /* LoadingGameView */,
				5683E07F28010A9900A0242A /* GameView */,
			);
			path = GameViews;
			sourceTree = "<group>";
		};
		5683E07F28010A9900A0242A /* GameView */ = {
			isa = PBXGroup;
			children = (
				5683E08028010AA800A0242A /* GameHandler.swift */,
				5683E08228010AC600A0242A /* GameView.swift */,
				5683E08428010AE800A0242A /* GameViewModel.swift */,
			);
			path = GameView;
			sourceTree = "<group>";
		};
		5683E08728010B2700A0242A /* LoadingGameView */ = {
			isa = PBXGroup;
			children = (
				5683E08828010B4B00A0242A /* LoadingGameView.swift */,
				5683E08A28010B6600A0242A /* LoadingGameViewModel.swift */,
				5683E08C28010B9100A0242A /* QueueHandler.swift */,
			);
			path = LoadingGameView;
			sourceTree = "<group>";
		};
		5683E08E28010BB800A0242A /* HomeView */ = {
			isa = PBXGroup;
			children = (
				5683E08F28010BC900A0242A /* HomeView.swift */,
				5683E09128010BDE00A0242A /* HomeViewModel.swift */,
			);
			path = HomeView;
			sourceTree = "<group>";
		};
		5683E09328010BF400A0242A /* PGameViews */ = {
			isa = PBXGroup;
			children = (
				5683E09928010C4600A0242A /* PMenuView */,
				5683E09428010BFC00A0242A /* PGameView */,
			);
			path = PGameViews;
			sourceTree = "<group>";
		};
		5683E09428010BFC00A0242A /* PGameView */ = {
			isa = PBXGroup;
			children = (
				5683E09528010C0D00A0242A /* PGameView.swift */,
				5683E09728010C2900A0242A /* PGameViewModel.swift */,
			);
			path = PGameView;
			sourceTree = "<group>";
		};
		5683E09928010C4600A0242A /* PMenuView */ = {
			isa = PBXGroup;
			children = (
				5683E09A28010C5400A0242A /* PMenuView.swift */,
				5683E09C28010C7000A0242A /* PMenuViewModel.swift */,
			);
			path = PMenuView;
			sourceTree = "<group>";
		};
		5683E09E28010C8D00A0242A /* ProfileView */ = {
			isa = PBXGroup;
			children = (
				5683E09F28010C9D00A0242A /* ProfileView.swift */,
				5683E0A128010CB300A0242A /* ProfileViewModel.swift */,
			);
			path = ProfileView;
			sourceTree = "<group>";
		};
		5683E0A328010CCC00A0242A /* RegLogView */ = {
			isa = PBXGroup;
			children = (
				5683E0A928010D3C00A0242A /* LoginView */,
				5683E0A428010CD600A0242A /* RegistrationView */,
			);
			path = RegLogView;
			sourceTree = "<group>";
		};
		5683E0A428010CD600A0242A /* RegistrationView */ = {
			isa = PBXGroup;
			children = (
				5683E0A528010CED00A0242A /* RegistrationView.swift */,
				5683E0A728010D2700A0242A /* RegistrationViewModel.swift */,
			);
			path = RegistrationView;
			sourceTree = "<group>";
		};
		5683E0A928010D3C00A0242A /* LoginView */ = {
			isa = PBXGroup;
			children = (
				5683E0AA28010D5000A0242A /* LoginView.swift */,
				5683E0AC28010D6500A0242A /* LoginViewModel.swift */,
			);
			path = LoginView;
			sourceTree = "<group>";
		};
		5683E0AE28010D9500A0242A /* Utilities */ = {
			isa = PBXGroup;
			children = (
				5683E0AF28010DA500A0242A /* BackButtonView.swift */,
				56EDDCC8281A3AB6009659C1 /* SoundManager.swift */,
				562B5B0828A845B700640B64 /* BannerAd.swift */,
			);
			path = Utilities;
			sourceTree = "<group>";
		};
		56B9EF1927F0BEAF00C8E60D = {
			isa = PBXGroup;
			children = (
				562B5B5C28A9BEC800640B64 /* GoogleAppMeasurement.xcframework */,
				562B5B5E28A9BED000640B64 /* GoogleAppMeasurementIdentitySupport.xcframework */,
				562B5B6028A9BEF600640B64 /* GoogleMobileAds.xcframework */,
				562B5B6128A9BEF600640B64 /* GoogleUtilities.xcframework */,
				562B5B6428A9BF0100640B64 /* nanopb.xcframework */,
				562B5B6628A9BF0200640B64 /* PromisesObjC.xcframework */,
				562B5B6528A9BF0200640B64 /* UserMessagingPlatform.xcframework */,
				562B5B0A28A8490C00640B64 /* Podfile */,
				562B5B0C28A8491400640B64 /* Podfile.lock */,
				56B9EF2427F0BEAF00C8E60D /* TapTapCoin */,
				56B9EF2327F0BEAF00C8E60D /* Products */,
				56EDDCD2281E0318009659C1 /* Frameworks */,
				E1A3C36353A08423DAD384CC /* Pods */,
			);
			sourceTree = "<group>";
		};
		56B9EF2327F0BEAF00C8E60D /* Products */ = {
			isa = PBXGroup;
			children = (
				56B9EF2227F0BEAF00C8E60D /* TapTapCoin.app */,
			);
			name = Products;
			sourceTree = "<group>";
		};
		56B9EF2427F0BEAF00C8E60D /* TapTapCoin */ = {
			isa = PBXGroup;
			children = (
				562D3CCE2832D1A200CEE857 /* Info.plist */,
				56EDDCD1281E02E7009659C1 /* TapTapCoin.entitlements */,
				56EDDCCA281A3D3C009659C1 /* Sounds */,
				5683E0AE28010D9500A0242A /* Utilities */,
				5683E072280109A400A0242A /* Views */,
				56B9EF2527F0BEAF00C8E60D /* TapTapCoinApp.swift */,
				56B9EF2927F0BEB100C8E60D /* Assets.xcassets */,
				56B9EF2B27F0BEB100C8E60D /* Preview Content */,
			);
			path = TapTapCoin;
			sourceTree = "<group>";
		};
		56B9EF2B27F0BEB100C8E60D /* Preview Content */ = {
			isa = PBXGroup;
			children = (
				567DA671280106470011F361 /* socket.io-client-swift */,
				56B9EF2C27F0BEB100C8E60D /* Preview Assets.xcassets */,
			);
			path = "Preview Content";
			sourceTree = "<group>";
		};
		56EDDCC5280B972F009659C1 /* FriendsView */ = {
			isa = PBXGroup;
			children = (
				56EDDCC3280A6660009659C1 /* FriendsView.swift */,
				56EDDCC6280B9745009659C1 /* FriendsViewModel.swift */,
			);
			path = FriendsView;
			sourceTree = "<group>";
		};
		56EDDCCA281A3D3C009659C1 /* Sounds */ = {
			isa = PBXGroup;
			children = (
				56EDDCCF281A47E1009659C1 /* coin-sound.mp3 */,
				56EDDCCD281A4231009659C1 /* button-sound.mp3 */,
			);
			path = Sounds;
			sourceTree = "<group>";
		};
		56EDDCD2281E0318009659C1 /* Frameworks */ = {
			isa = PBXGroup;
			children = (
				562B5B2328A85B1400640B64 /* WebKit.framework */,
				562B5B2128A85B0900640B64 /* CoreMedia.framework */,
				562B5B1F28A85AFD00640B64 /* AdSupport.framework */,
				562B5B1D28A85AEF00640B64 /* AVFoundation.framework */,
				56EDDCD3281E0318009659C1 /* CloudKit.framework */,
				1284938F3F4CE4102AE31893 /* Pods_TapTapCoin.framework */,
			);
			name = Frameworks;
			sourceTree = "<group>";
		};
		56EDDCD5281EDEA6009659C1 /* SettingsView */ = {
			isa = PBXGroup;
			children = (
				56EDDCD6281EDECB009659C1 /* SettingsView.swift */,
				56EDDCD8281EDF06009659C1 /* SettingsViewModel.swift */,
			);
			path = SettingsView;
			sourceTree = "<group>";
		};
		E1A3C36353A08423DAD384CC /* Pods */ = {
			isa = PBXGroup;
			children = (
				D6FA705746C2C925FEC6D899 /* Pods-TapTapCoin.debug.xcconfig */,
				343E0487BFE7E7E7D6007C7A /* Pods-TapTapCoin.release.xcconfig */,
			);
			path = Pods;
			sourceTree = "<group>";
		};
/* End PBXGroup section */

/* Begin PBXNativeTarget section */
		56B9EF2127F0BEAF00C8E60D /* TapTapCoin */ = {
			isa = PBXNativeTarget;
			buildConfigurationList = 56B9EF3027F0BEB100C8E60D /* Build configuration list for PBXNativeTarget "TapTapCoin" */;
			buildPhases = (
				DB1571354B89899779012881 /* [CP] Check Pods Manifest.lock */,
				56B9EF1E27F0BEAF00C8E60D /* Sources */,
				56B9EF1F27F0BEAF00C8E60D /* Frameworks */,
				56B9EF2027F0BEAF00C8E60D /* Resources */,
				89E4B84D3AA3BEA6747E6D06 /* [CP] Embed Pods Frameworks */,
				562B5B5128A884C100640B64 /* Embed Frameworks */,
			);
			buildRules = (
			);
			dependencies = (
			);
			name = TapTapCoin;
			packageProductDependencies = (
				567DA673280106F30011F361 /* SocketIO */,
			);
			productName = TapTapCoin;
			productReference = 56B9EF2227F0BEAF00C8E60D /* TapTapCoin.app */;
			productType = "com.apple.product-type.application";
		};
/* End PBXNativeTarget section */

/* Begin PBXProject section */
		56B9EF1A27F0BEAF00C8E60D /* Project object */ = {
			isa = PBXProject;
			attributes = {
				BuildIndependentTargetsInParallel = 1;
				LastSwiftUpdateCheck = 1330;
				LastUpgradeCheck = 1330;
				TargetAttributes = {
					56B9EF2127F0BEAF00C8E60D = {
						CreatedOnToolsVersion = 13.3;
					};
				};
			};
			buildConfigurationList = 56B9EF1D27F0BEAF00C8E60D /* Build configuration list for PBXProject "TapTapCoin" */;
			compatibilityVersion = "Xcode 13.0";
			developmentRegion = en;
			hasScannedForEncodings = 0;
			knownRegions = (
				en,
				Base,
			);
			mainGroup = 56B9EF1927F0BEAF00C8E60D;
			packageReferences = (
				567DA672280106F30011F361 /* XCRemoteSwiftPackageReference "socket.io-client-swift" */,
			);
			productRefGroup = 56B9EF2327F0BEAF00C8E60D /* Products */;
			projectDirPath = "";
			projectRoot = "";
			targets = (
				56B9EF2127F0BEAF00C8E60D /* TapTapCoin */,
			);
		};
/* End PBXProject section */

/* Begin PBXResourcesBuildPhase section */
		56B9EF2027F0BEAF00C8E60D /* Resources */ = {
			isa = PBXResourcesBuildPhase;
			buildActionMask = 2147483647;
			files = (
				562B5B0D28A8491400640B64 /* Podfile.lock in Resources */,
				562B5B0B28A8490C00640B64 /* Podfile in Resources */,
				56B9EF2D27F0BEB100C8E60D /* Preview Assets.xcassets in Resources */,
				56EDDCCE281A4231009659C1 /* button-sound.mp3 in Resources */,
				56B9EF2A27F0BEB100C8E60D /* Assets.xcassets in Resources */,
				56EDDCD0281A47E1009659C1 /* coin-sound.mp3 in Resources */,
			);
			runOnlyForDeploymentPostprocessing = 0;
		};
/* End PBXResourcesBuildPhase section */

/* Begin PBXShellScriptBuildPhase section */
		89E4B84D3AA3BEA6747E6D06 /* [CP] Embed Pods Frameworks */ = {
			isa = PBXShellScriptBuildPhase;
			buildActionMask = 2147483647;
			files = (
			);
			inputFileListPaths = (
				"${PODS_ROOT}/Target Support Files/Pods-TapTapCoin/Pods-TapTapCoin-frameworks-${CONFIGURATION}-input-files.xcfilelist",
			);
			name = "[CP] Embed Pods Frameworks";
			outputFileListPaths = (
				"${PODS_ROOT}/Target Support Files/Pods-TapTapCoin/Pods-TapTapCoin-frameworks-${CONFIGURATION}-output-files.xcfilelist",
			);
			runOnlyForDeploymentPostprocessing = 0;
			shellPath = /bin/sh;
			shellScript = "\"${PODS_ROOT}/Target Support Files/Pods-TapTapCoin/Pods-TapTapCoin-frameworks.sh\"\n";
			showEnvVarsInLog = 0;
		};
		DB1571354B89899779012881 /* [CP] Check Pods Manifest.lock */ = {
			isa = PBXShellScriptBuildPhase;
			buildActionMask = 2147483647;
			files = (
			);
			inputFileListPaths = (
			);
			inputPaths = (
				"${PODS_PODFILE_DIR_PATH}/Podfile.lock",
				"${PODS_ROOT}/Manifest.lock",
			);
			name = "[CP] Check Pods Manifest.lock";
			outputFileListPaths = (
			);
			outputPaths = (
				"$(DERIVED_FILE_DIR)/Pods-TapTapCoin-checkManifestLockResult.txt",
			);
			runOnlyForDeploymentPostprocessing = 0;
			shellPath = /bin/sh;
			shellScript = "diff \"${PODS_PODFILE_DIR_PATH}/Podfile.lock\" \"${PODS_ROOT}/Manifest.lock\" > /dev/null\nif [ $? != 0 ] ; then\n    # print error to STDERR\n    echo \"error: The sandbox is not in sync with the Podfile.lock. Run 'pod install' or update your CocoaPods installation.\" >&2\n    exit 1\nfi\n# This output is used by Xcode 'outputs' to avoid re-running this script phase.\necho \"SUCCESS\" > \"${SCRIPT_OUTPUT_FILE_0}\"\n";
			showEnvVarsInLog = 0;
		};
/* End PBXShellScriptBuildPhase section */

/* Begin PBXSourcesBuildPhase section */
		56B9EF1E27F0BEAF00C8E60D /* Sources */ = {
			isa = PBXSourcesBuildPhase;
			buildActionMask = 2147483647;
			files = (
				5683E09B28010C5400A0242A /* PMenuView.swift in Sources */,
				5683E09828010C2900A0242A /* PGameViewModel.swift in Sources */,
				5683E06F2801095B00A0242A /* ContentView.swift in Sources */,
				56EDDCC9281A3AB7009659C1 /* SoundManager.swift in Sources */,
				562B5B0928A845B700640B64 /* BannerAd.swift in Sources */,
				5683E09028010BC900A0242A /* HomeView.swift in Sources */,
				56EDDCC7280B9745009659C1 /* FriendsViewModel.swift in Sources */,
				5683E07D28010A8000A0242A /* VideoView.swift in Sources */,
				56B9EF2627F0BEAF00C8E60D /* TapTapCoinApp.swift in Sources */,
				5683E0AB28010D5000A0242A /* LoginView.swift in Sources */,
				5683E0A228010CB300A0242A /* ProfileViewModel.swift in Sources */,
				5683E0712801097C00A0242A /* ContentViewModel.swift in Sources */,
				5683E08328010AC600A0242A /* GameView.swift in Sources */,
				5683E08128010AA800A0242A /* GameHandler.swift in Sources */,
				5683E07B28010A5D00A0242A /* TempHelpView.swift in Sources */,
				56EDDCC4280A6660009659C1 /* FriendsView.swift in Sources */,
				5683E0A628010CED00A0242A /* RegistrationView.swift in Sources */,
				5683E0AD28010D6500A0242A /* LoginViewModel.swift in Sources */,
				5683E07928010A3400A0242A /* HelpView.swift in Sources */,
				56EDDCD9281EDF06009659C1 /* SettingsViewModel.swift in Sources */,
				5683E0B028010DA500A0242A /* BackButtonView.swift in Sources */,
				5683E0A828010D2700A0242A /* RegistrationViewModel.swift in Sources */,
				5683E08528010AE800A0242A /* GameViewModel.swift in Sources */,
				5683E0A028010C9D00A0242A /* ProfileView.swift in Sources */,
				5683E08B28010B6600A0242A /* LoadingGameViewModel.swift in Sources */,
				5683E07728010A1C00A0242A /* ComingSoon.swift in Sources */,
				56EDDCD7281EDECC009659C1 /* SettingsView.swift in Sources */,
				5683E09D28010C7000A0242A /* PMenuViewModel.swift in Sources */,
				5683E08D28010B9100A0242A /* QueueHandler.swift in Sources */,
				5683E09228010BDE00A0242A /* HomeViewModel.swift in Sources */,
				5683E08928010B4B00A0242A /* LoadingGameView.swift in Sources */,
				5683E09628010C0D00A0242A /* PGameView.swift in Sources */,
			);
			runOnlyForDeploymentPostprocessing = 0;
		};
/* End PBXSourcesBuildPhase section */

/* Begin XCBuildConfiguration section */
		56B9EF2E27F0BEB100C8E60D /* Debug */ = {
			isa = XCBuildConfiguration;
			buildSettings = {
				ALWAYS_SEARCH_USER_PATHS = NO;
				CLANG_ANALYZER_NONNULL = YES;
				CLANG_ANALYZER_NUMBER_OBJECT_CONVERSION = YES_AGGRESSIVE;
				CLANG_CXX_LANGUAGE_STANDARD = "gnu++17";
				CLANG_ENABLE_MODULES = YES;
				CLANG_ENABLE_OBJC_ARC = YES;
				CLANG_ENABLE_OBJC_WEAK = YES;
				CLANG_WARN_BLOCK_CAPTURE_AUTORELEASING = YES;
				CLANG_WARN_BOOL_CONVERSION = YES;
				CLANG_WARN_COMMA = YES;
				CLANG_WARN_CONSTANT_CONVERSION = YES;
				CLANG_WARN_DEPRECATED_OBJC_IMPLEMENTATIONS = YES;
				CLANG_WARN_DIRECT_OBJC_ISA_USAGE = YES_ERROR;
				CLANG_WARN_DOCUMENTATION_COMMENTS = YES;
				CLANG_WARN_EMPTY_BODY = YES;
				CLANG_WARN_ENUM_CONVERSION = YES;
				CLANG_WARN_INFINITE_RECURSION = YES;
				CLANG_WARN_INT_CONVERSION = YES;
				CLANG_WARN_NON_LITERAL_NULL_CONVERSION = YES;
				CLANG_WARN_OBJC_IMPLICIT_RETAIN_SELF = YES;
				CLANG_WARN_OBJC_LITERAL_CONVERSION = YES;
				CLANG_WARN_OBJC_ROOT_CLASS = YES_ERROR;
				CLANG_WARN_QUOTED_INCLUDE_IN_FRAMEWORK_HEADER = YES;
				CLANG_WARN_RANGE_LOOP_ANALYSIS = YES;
				CLANG_WARN_STRICT_PROTOTYPES = YES;
				CLANG_WARN_SUSPICIOUS_MOVE = YES;
				CLANG_WARN_UNGUARDED_AVAILABILITY = YES_AGGRESSIVE;
				CLANG_WARN_UNREACHABLE_CODE = YES;
				CLANG_WARN__DUPLICATE_METHOD_MATCH = YES;
				COPY_PHASE_STRIP = NO;
				DEBUG_INFORMATION_FORMAT = dwarf;
				ENABLE_STRICT_OBJC_MSGSEND = YES;
				ENABLE_TESTABILITY = YES;
				GCC_C_LANGUAGE_STANDARD = gnu11;
				GCC_DYNAMIC_NO_PIC = NO;
				GCC_NO_COMMON_BLOCKS = YES;
				GCC_OPTIMIZATION_LEVEL = 0;
				GCC_PREPROCESSOR_DEFINITIONS = (
					"DEBUG=1",
					"$(inherited)",
				);
				GCC_WARN_64_TO_32_BIT_CONVERSION = YES;
				GCC_WARN_ABOUT_RETURN_TYPE = YES_ERROR;
				GCC_WARN_UNDECLARED_SELECTOR = YES;
				GCC_WARN_UNINITIALIZED_AUTOS = YES_AGGRESSIVE;
				GCC_WARN_UNUSED_FUNCTION = YES;
				GCC_WARN_UNUSED_VARIABLE = YES;
				IPHONEOS_DEPLOYMENT_TARGET = 14.0;
				MTL_ENABLE_DEBUG_INFO = INCLUDE_SOURCE;
				MTL_FAST_MATH = YES;
				ONLY_ACTIVE_ARCH = YES;
				"OTHER_LDFLAGS[arch=*]" = "-ObjC";
				SDKROOT = iphoneos;
				SWIFT_ACTIVE_COMPILATION_CONDITIONS = DEBUG;
				SWIFT_OPTIMIZATION_LEVEL = "-Onone";
			};
			name = Debug;
		};
		56B9EF2F27F0BEB100C8E60D /* Release */ = {
			isa = XCBuildConfiguration;
			buildSettings = {
				ALWAYS_SEARCH_USER_PATHS = NO;
				CLANG_ANALYZER_NONNULL = YES;
				CLANG_ANALYZER_NUMBER_OBJECT_CONVERSION = YES_AGGRESSIVE;
				CLANG_CXX_LANGUAGE_STANDARD = "gnu++17";
				CLANG_ENABLE_MODULES = YES;
				CLANG_ENABLE_OBJC_ARC = YES;
				CLANG_ENABLE_OBJC_WEAK = YES;
				CLANG_WARN_BLOCK_CAPTURE_AUTORELEASING = YES;
				CLANG_WARN_BOOL_CONVERSION = YES;
				CLANG_WARN_COMMA = YES;
				CLANG_WARN_CONSTANT_CONVERSION = YES;
				CLANG_WARN_DEPRECATED_OBJC_IMPLEMENTATIONS = YES;
				CLANG_WARN_DIRECT_OBJC_ISA_USAGE = YES_ERROR;
				CLANG_WARN_DOCUMENTATION_COMMENTS = YES;
				CLANG_WARN_EMPTY_BODY = YES;
				CLANG_WARN_ENUM_CONVERSION = YES;
				CLANG_WARN_INFINITE_RECURSION = YES;
				CLANG_WARN_INT_CONVERSION = YES;
				CLANG_WARN_NON_LITERAL_NULL_CONVERSION = YES;
				CLANG_WARN_OBJC_IMPLICIT_RETAIN_SELF = YES;
				CLANG_WARN_OBJC_LITERAL_CONVERSION = YES;
				CLANG_WARN_OBJC_ROOT_CLASS = YES_ERROR;
				CLANG_WARN_QUOTED_INCLUDE_IN_FRAMEWORK_HEADER = YES;
				CLANG_WARN_RANGE_LOOP_ANALYSIS = YES;
				CLANG_WARN_STRICT_PROTOTYPES = YES;
				CLANG_WARN_SUSPICIOUS_MOVE = YES;
				CLANG_WARN_UNGUARDED_AVAILABILITY = YES_AGGRESSIVE;
				CLANG_WARN_UNREACHABLE_CODE = YES;
				CLANG_WARN__DUPLICATE_METHOD_MATCH = YES;
				COPY_PHASE_STRIP = NO;
				DEBUG_INFORMATION_FORMAT = "dwarf-with-dsym";
				ENABLE_NS_ASSERTIONS = NO;
				ENABLE_STRICT_OBJC_MSGSEND = YES;
				GCC_C_LANGUAGE_STANDARD = gnu11;
				GCC_NO_COMMON_BLOCKS = YES;
				GCC_WARN_64_TO_32_BIT_CONVERSION = YES;
				GCC_WARN_ABOUT_RETURN_TYPE = YES_ERROR;
				GCC_WARN_UNDECLARED_SELECTOR = YES;
				GCC_WARN_UNINITIALIZED_AUTOS = YES_AGGRESSIVE;
				GCC_WARN_UNUSED_FUNCTION = YES;
				GCC_WARN_UNUSED_VARIABLE = YES;
				IPHONEOS_DEPLOYMENT_TARGET = 14.0;
				MTL_ENABLE_DEBUG_INFO = NO;
				MTL_FAST_MATH = YES;
				"OTHER_LDFLAGS[arch=*]" = "-ObjC";
				SDKROOT = iphoneos;
				SWIFT_COMPILATION_MODE = wholemodule;
				SWIFT_OPTIMIZATION_LEVEL = "-O";
				VALIDATE_PRODUCT = YES;
			};
			name = Release;
		};
		56B9EF3127F0BEB100C8E60D /* Debug */ = {
			isa = XCBuildConfiguration;
			baseConfigurationReference = D6FA705746C2C925FEC6D899 /* Pods-TapTapCoin.debug.xcconfig */;
			buildSettings = {
				ASSETCATALOG_COMPILER_APPICON_NAME = AppIcon;
				ASSETCATALOG_COMPILER_GLOBAL_ACCENT_COLOR_NAME = AccentColor;
				ASSETCATALOG_COMPILER_INCLUDE_ALL_APPICON_ASSETS = YES;
				CODE_SIGN_ENTITLEMENTS = TapTapCoin/TapTapCoin.entitlements;
				CODE_SIGN_IDENTITY = "Apple Development";
				CODE_SIGN_STYLE = Automatic;
				CURRENT_PROJECT_VERSION = 9;
				DEVELOPMENT_ASSET_PATHS = "\"TapTapCoin/Preview Content\"";
				DEVELOPMENT_TEAM = XZWF57692J;
				ENABLE_PREVIEWS = YES;
				"EXCLUDED_ARCHS[sdk=*]" = arm64;
				FRAMEWORK_SEARCH_PATHS = (
					"$(inherited)",
					"$(PROJECT_DIR)",
				);
				GENERATE_INFOPLIST_FILE = YES;
				INFOPLIST_FILE = TapTapCoin/Info.plist;
				INFOPLIST_KEY_UIApplicationSceneManifest_Generation = YES;
				INFOPLIST_KEY_UIApplicationSupportsIndirectInputEvents = YES;
				INFOPLIST_KEY_UILaunchStoryboardName = LaunchImage;
				INFOPLIST_KEY_UISupportedInterfaceOrientations = UIInterfaceOrientationPortrait;
				INFOPLIST_KEY_UISupportedInterfaceOrientations_iPad = "UIInterfaceOrientationPortrait UIInterfaceOrientationPortraitUpsideDown UIInterfaceOrientationLandscapeLeft UIInterfaceOrientationLandscapeRight";
				INFOPLIST_KEY_UISupportedInterfaceOrientations_iPhone = "UIInterfaceOrientationPortrait UIInterfaceOrientationLandscapeLeft UIInterfaceOrientationLandscapeRight";
				IPHONEOS_DEPLOYMENT_TARGET = 14.0;
				LD_RUNPATH_SEARCH_PATHS = (
					"$(inherited)",
					"@executable_path/Frameworks",
				);
				MARKETING_VERSION = 1.0;
				"OTHER_CODE_SIGN_FLAGS[sdk=*]" = "--generate-entitlement-der";
				PRODUCT_BUNDLE_IDENTIFIER = com.ericviera.TapTapCoin;
				PRODUCT_NAME = "$(TARGET_NAME)";
				PROVISIONING_PROFILE_SPECIFIER = "";
				SWIFT_EMIT_LOC_STRINGS = YES;
				SWIFT_VERSION = 5.0;
				TARGETED_DEVICE_FAMILY = "1,2";
				n = "";
			};
			name = Debug;
		};
		56B9EF3227F0BEB100C8E60D /* Release */ = {
			isa = XCBuildConfiguration;
			baseConfigurationReference = 343E0487BFE7E7E7D6007C7A /* Pods-TapTapCoin.release.xcconfig */;
			buildSettings = {
				ASSETCATALOG_COMPILER_APPICON_NAME = AppIcon;
				ASSETCATALOG_COMPILER_GLOBAL_ACCENT_COLOR_NAME = AccentColor;
				ASSETCATALOG_COMPILER_INCLUDE_ALL_APPICON_ASSETS = YES;
				CODE_SIGN_ENTITLEMENTS = TapTapCoin/TapTapCoin.entitlements;
				CODE_SIGN_IDENTITY = "Apple Development";
				CODE_SIGN_STYLE = Automatic;
				CURRENT_PROJECT_VERSION = 9;
				DEVELOPMENT_ASSET_PATHS = "\"TapTapCoin/Preview Content\"";
				DEVELOPMENT_TEAM = XZWF57692J;
				ENABLE_PREVIEWS = YES;
				FRAMEWORK_SEARCH_PATHS = (
					"$(inherited)",
					"$(PROJECT_DIR)",
				);
				GENERATE_INFOPLIST_FILE = YES;
				INFOPLIST_FILE = TapTapCoin/Info.plist;
				INFOPLIST_KEY_UIApplicationSceneManifest_Generation = YES;
				INFOPLIST_KEY_UIApplicationSupportsIndirectInputEvents = YES;
				INFOPLIST_KEY_UILaunchStoryboardName = LaunchImage;
				INFOPLIST_KEY_UISupportedInterfaceOrientations = UIInterfaceOrientationPortrait;
				INFOPLIST_KEY_UISupportedInterfaceOrientations_iPad = "UIInterfaceOrientationPortrait UIInterfaceOrientationPortraitUpsideDown UIInterfaceOrientationLandscapeLeft UIInterfaceOrientationLandscapeRight";
				INFOPLIST_KEY_UISupportedInterfaceOrientations_iPhone = "UIInterfaceOrientationPortrait UIInterfaceOrientationLandscapeLeft UIInterfaceOrientationLandscapeRight";
				IPHONEOS_DEPLOYMENT_TARGET = 14.0;
				LD_RUNPATH_SEARCH_PATHS = (
					"$(inherited)",
					"@executable_path/Frameworks",
				);
				MARKETING_VERSION = 1.0;
				ONLY_ACTIVE_ARCH = YES;
				PRODUCT_BUNDLE_IDENTIFIER = com.ericviera.TapTapCoin;
				PRODUCT_NAME = "$(TARGET_NAME)";
				PROVISIONING_PROFILE_SPECIFIER = "";
				SWIFT_EMIT_LOC_STRINGS = YES;
				SWIFT_VERSION = 5.0;
				TARGETED_DEVICE_FAMILY = "1,2";
				n = "";
			};
			name = Release;
		};
/* End XCBuildConfiguration section */

/* Begin XCConfigurationList section */
		56B9EF1D27F0BEAF00C8E60D /* Build configuration list for PBXProject "TapTapCoin" */ = {
			isa = XCConfigurationList;
			buildConfigurations = (
				56B9EF2E27F0BEB100C8E60D /* Debug */,
				56B9EF2F27F0BEB100C8E60D /* Release */,
			);
			defaultConfigurationIsVisible = 0;
			defaultConfigurationName = Release;
		};
		56B9EF3027F0BEB100C8E60D /* Build configuration list for PBXNativeTarget "TapTapCoin" */ = {
			isa = XCConfigurationList;
			buildConfigurations = (
				56B9EF3127F0BEB100C8E60D /* Debug */,
				56B9EF3227F0BEB100C8E60D /* Release */,
			);
			defaultConfigurationIsVisible = 0;
			defaultConfigurationName = Release;
		};
/* End XCConfigurationList section */

/* Begin XCRemoteSwiftPackageReference section */
		567DA672280106F30011F361 /* XCRemoteSwiftPackageReference "socket.io-client-swift" */ = {
			isa = XCRemoteSwiftPackageReference;
			repositoryURL = "https://github.com/socketio/socket.io-client-swift.git";
			requirement = {
				branch = master;
				kind = branch;
			};
		};
/* End XCRemoteSwiftPackageReference section */

/* Begin XCSwiftPackageProductDependency section */
		567DA673280106F30011F361 /* SocketIO */ = {
			isa = XCSwiftPackageProductDependency;
			package = 567DA672280106F30011F361 /* XCRemoteSwiftPackageReference "socket.io-client-swift" */;
			productName = SocketIO;
		};
/* End XCSwiftPackageProductDependency section */
	};
	rootObject = 56B9EF1A27F0BEAF00C8E60D /* Project object */;
}
