<?xml version="1.0" encoding="UTF-8"?>
<Scheme
   LastUpgradeVersion = "1340"
   version = "1.3">
   <BuildAction
      parallelizeBuildables = "YES"
      buildImplicitDependencies = "YES">
      <BuildActionEntries>
         <BuildActionEntry
            buildForTesting = "YES"
            buildForRunning = "YES"
            buildForProfiling = "YES"
            buildForArchiving = "YES"
            buildForAnalyzing = "YES">
            <BuildableReference
               BuildableIdentifier = "primary"
               BlueprintIdentifier = "56B9EF2127F0BEAF00C8E60D"
               BuildableName = "TapTapCoin.app"
               BlueprintName = "TapTapCoin"
               ReferencedContainer = "container:TapTapCoin.xcodeproj">
            </BuildableReference>
         </BuildActionEntry>
      </BuildActionEntries>
   </BuildAction>
   <TestAction
      buildConfiguration = "Debug"
      selectedDebuggerIdentifier = "Xcode.DebuggerFoundation.Debugger.LLDB"
      selectedLauncherIdentifier = "Xcode.DebuggerFoundation.Launcher.LLDB"
      shouldUseLaunchSchemeArgsEnv = "YES">
      <Testables>
      </Testables>
   </TestAction>
   <LaunchAction
      buildConfiguration = "Release"
      selectedDebuggerIdentifier = "Xcode.DebuggerFoundation.Debugger.LLDB"
      selectedLauncherIdentifier = "Xcode.DebuggerFoundation.Launcher.LLDB"
      launchStyle = "0"
      useCustomWorkingDirectory = "NO"
      ignoresPersistentStateOnLaunch = "NO"
      debugDocumentVersioning = "YES"
      debugServiceExtension = "internal"
      allowLocationSimulation = "YES">
      <BuildableProductRunnable
         runnableDebuggingMode = "0">
         <BuildableReference
            BuildableIdentifier = "primary"
            BlueprintIdentifier = "56B9EF2127F0BEAF00C8E60D"
            BuildableName = "TapTapCoin.app"
            BlueprintName = "TapTapCoin"
            ReferencedContainer = "container:TapTapCoin.xcodeproj">
         </BuildableReference>
      </BuildableProductRunnable>
      <CommandLineArguments>
         <CommandLineArgument
            argument = "login"
            isEnabled = "YES">
         </CommandLineArgument>
         <CommandLineArgument
            argument = "gameSocket"
            isEnabled = "YES">
         </CommandLineArgument>
         <CommandLineArgument
            argument = "check_in_game"
            isEnabled = "YES">
         </CommandLineArgument>
         <CommandLineArgument
            argument = "createGame"
            isEnabled = "YES">
         </CommandLineArgument>
         <CommandLineArgument
            argument = "queueSocket"
            isEnabled = "YES">
         </CommandLineArgument>
         <CommandLineArgument
            argument = "sendPoints"
            isEnabled = "YES">
         </CommandLineArgument>
         <CommandLineArgument
            argument = "getUser"
            isEnabled = "YES">
         </CommandLineArgument>
         <CommandLineArgument
            argument = "logout"
            isEnabled = "YES">
         </CommandLineArgument>
         <CommandLineArgument
            argument = "register"
            isEnabled = "YES">
         </CommandLineArgument>
      </CommandLineArguments>
      <EnvironmentVariables>
         <EnvironmentVariable
            key = "login"
            value = "https://tapcoin1.herokuapp.com/api/user/login"
            isEnabled = "YES">
         </EnvironmentVariable>
         <EnvironmentVariable
            key = "gameSocket"
            value = "https://tapped-game.herokuapp.com"
            isEnabled = "YES">
         </EnvironmentVariable>
         <EnvironmentVariable
            key = "check_in_game"
            value = "https://tapcoin1.herokuapp.com/api/user/check_in_game"
            isEnabled = "YES">
         </EnvironmentVariable>
         <EnvironmentVariable
            key = "createGame"
            value = "https://tapcoin1.herokuapp.com/api/user/createGame"
            isEnabled = "YES">
         </EnvironmentVariable>
         <EnvironmentVariable
            key = "queueSocket"
            value = "https://tapped-queue.herokuapp.com"
            isEnabled = "YES">
         </EnvironmentVariable>
         <EnvironmentVariable
            key = "sendPoints"
            value = "https://tapcoin1.herokuapp.com/api/user/sendPoints"
            isEnabled = "YES">
         </EnvironmentVariable>
         <EnvironmentVariable
            key = "getUser"
            value = "https://tapcoin1.herokuapp.com/api/user/info"
            isEnabled = "YES">
         </EnvironmentVariable>
         <EnvironmentVariable
            key = "logout"
            value = "https://tapcoin1.herokuapp.com/api/user/logout"
            isEnabled = "YES">
         </EnvironmentVariable>
         <EnvironmentVariable
            key = "register"
            value = "https://tapcoin1.herokuapp.com/api/user/register"
            isEnabled = "YES">
         </EnvironmentVariable>
      </EnvironmentVariables>
   </LaunchAction>
   <ProfileAction
      buildConfiguration = "Release"
      shouldUseLaunchSchemeArgsEnv = "YES"
      savedToolIdentifier = ""
      useCustomWorkingDirectory = "NO"
      debugDocumentVersioning = "YES">
      <BuildableProductRunnable
         runnableDebuggingMode = "0">
         <BuildableReference
            BuildableIdentifier = "primary"
            BlueprintIdentifier = "56B9EF2127F0BEAF00C8E60D"
            BuildableName = "TapTapCoin.app"
            BlueprintName = "TapTapCoin"
            ReferencedContainer = "container:TapTapCoin.xcodeproj">
         </BuildableReference>
      </BuildableProductRunnable>
   </ProfileAction>
   <AnalyzeAction
      buildConfiguration = "Debug">
   </AnalyzeAction>
   <ArchiveAction
      buildConfiguration = "Release"
      revealArchiveInOrganizer = "YES">
   </ArchiveAction>
</Scheme>
